
Microsoft Visual Studio Solution File, Format Version 12.00
# Visual Studio 14
VisualStudioVersion = 14.0.25420.1
MinimumVisualStudioVersion = 10.0.40219.1
Project("{2150E333-8FDC-42A3-9474-1A3956D46DE8}") = "src", "src", "{8493F534-7CA9-4BA4-9F05-EC1FA7A9A21E}"
EndProject
Project("{2150E333-8FDC-42A3-9474-1A3956D46DE8}") = "Solution Items", "Solution Items", "{3167125D-B9F4-4DB6-97D0-22FFDB0ED265}"
	ProjectSection(SolutionItems) = preProject
		global.json = global.json
	EndProjectSection
EndProject
Project("{8BB2217D-0F2D-49D1-97BC-3654ED321F3B}") = "TestDotNetCoreDocker", "src\TestDotNetCoreDocker\TestDotNetCoreDocker.xproj", "{07C24EB2-9153-43D7-8A82-394B33FF2D48}"
EndProject
Global
	GlobalSection(SolutionConfigurationPlatforms) = preSolution
		Debug|Any CPU = Debug|Any CPU
		Release|Any CPU = Release|Any CPU
	EndGlobalSection
	GlobalSection(ProjectConfigurationPlatforms) = postSolution
		{07C24EB2-9153-43D7-8A82-394B33FF2D48}.Debug|Any CPU.ActiveCfg = Debug|Any CPU
		{07C24EB2-9153-43D7-8A82-394B33FF2D48}.Debug|Any CPU.Build.0 = Debug|Any CPU
		{07C24EB2-9153-43D7-8A82-394B33FF2D48}.Release|Any CPU.ActiveCfg = Release|Any CPU
		{07C24EB2-9153-43D7-8A82-394B33FF2D48}.Release|Any CPU.Build.0 = Release|Any CPU
	EndGlobalSection
	GlobalSection(SolutionProperties) = preSolution
		HideSolutionNode = FALSE
	EndGlobalSection
	GlobalSection(NestedProjects) = preSolution
		{07C24EB2-9153-43D7-8A82-394B33FF2D48} = {8493F534-7CA9-4BA4-9F05-EC1FA7A9A21E}
	EndGlobalSection
EndGlobal
